
Microsoft Visual Studio Solution File, Format Version 12.00
# Visual Studio Version 16
VisualStudioVersion = 16.0.31019.35
MinimumVisualStudioVersion = 10.0.40219.1
Project("{FAE04EC0-301F-11D3-BF4B-00C04F79EFBC}") = "SailingSkill", "SailingSkill\SailingSkill.csproj", "{B857D98C-0670-4422-A984-C59C8CC42A8E}"
EndProject
Global
	GlobalSection(SolutionConfigurationPlatforms) = preSolution
		Debug|Any CPU = Debug|Any CPU
		Release|Any CPU = Release|Any CPU
	EndGlobalSection
	GlobalSection(ProjectConfigurationPlatforms) = postSolution
		{B857D98C-0670-4422-A984-C59C8CC42A8E}.Debug|Any CPU.ActiveCfg = Debug|Any CPU
		{B857D98C-0670-4422-A984-C59C8CC42A8E}.Debug|Any CPU.Build.0 = Debug|Any CPU
		{B857D98C-0670-4422-A984-C59C8CC42A8E}.Release|Any CPU.ActiveCfg = Release|Any CPU
		{B857D98C-0670-4422-A984-C59C8CC42A8E}.Release|Any CPU.Build.0 = Release|Any CPU
	EndGlobalSection
	GlobalSection(SolutionProperties) = preSolution
		HideSolutionNode = FALSE
	EndGlobalSection
	GlobalSection(ExtensibilityGlobals) = postSolution
		SolutionGuid = {EA61C0C0-D5BC-4B47-982B-F31DE743218D}
	EndGlobalSection
EndGlobal
